<Solution>
  <Project Path="Unity.RenderPipelines.Universal.Runtime.csproj" />
  <Project Path="Assembly-CSharp.csproj" />
  <Project Path="DistantLands.Cozy.Editor.csproj" />
  <Project Path="DistantLands.Cozy.Runtime.csproj" />
  <Project Path="BeautifyEditor.csproj" />
  <Project Path="Assembly-CSharp-Editor.csproj" />
</Solution>
